{
  "name": "@telefonovat/syga--contract",
  "version": "8.7.0",
  "lockfileVersion": 3,
  "requires": true,
  "packages": {
    "": {
      "name": "@telefonovat/syga--contract",
      "version": "8.7.0",
      "license": "ISC",
      "devDependencies": {
        "prettier": "^3.5.3",
        "prettier-plugin-vue": "^1.1.6"
      }
    },
    "node_modules/prettier": {
      "version": "3.5.3",
      "resolved": "https://registry.npmjs.org/prettier/-/prettier-3.5.3.tgz",
      "integrity": "sha512-QQtaxnoDJeAkDvDKWCLiwIXkTgRhwYDEQCghU9Z6q03iyek/rxRh/2lC3HB7P8sWT2xC/y5JDctPLBIGzHKbhw==",
      "dev": true,
      "license": "MIT",
      "bin": {
        "prettier": "bin/prettier.cjs"
      },
      "engines": {
        "node": ">=14"
      },
      "funding": {
        "url": "https://github.com/prettier/prettier?sponsor=1"
      }
    },
    "node_modules/prettier-plugin-vue": {
      "version": "1.1.6",
      "resolved": "https://registry.npmjs.org/prettier-plugin-vue/-/prettier-plugin-vue-1.1.6.tgz",
      "integrity": "sha512-trQ/oY+6hSsGe2zPIFThXMIM0TbxMEbk2VOrKjwHWuSz7OEo0rnumbz9a47OxVPCaAnGY9vZG8qDTiTmk9bq0A==",
      "dev": true,
      "license": "MIT",
      "dependencies": {
        "prettier": "^2.8.1"
      }
    },
    "node_modules/prettier-plugin-vue/node_modules/prettier": {
      "version": "2.8.8",
      "resolved": "https://registry.npmjs.org/prettier/-/prettier-2.8.8.tgz",
      "integrity": "sha512-tdN8qQGvNjw4CHbY+XXk0JgCXn9QiF21a55rBe5LJAU+kDyC4WQn4+awm2Xfk2lQMk5fKup9XgzTZtGkjBdP9Q==",
      "dev": true,
      "license": "MIT",
      "bin": {
        "prettier": "bin-prettier.js"
      },
      "engines": {
        "node": ">=10.13.0"
      },
      "funding": {
        "url": "https://github.com/prettier/prettier?sponsor=1"
      }
    }
  }
}
