lockfileVersion: '9.0'

settings:
  autoInstallPeers: true
  excludeLinksFromLockfile: false

importers:

  .:
    dependencies:
      zod:
        specifier: ^4.1.8
        version: 4.1.8
    devDependencies:
      prettier:
        specifier: ^3.5.3
        version: 3.6.2
      prettier-plugin-vue:
        specifier: ^1.1.6
        version: 1.1.6

packages:

  prettier-plugin-vue@1.1.6:
    resolution: {integrity: sha512-trQ/oY+6hSsGe2zPIFThXMIM0TbxMEbk2VOrKjwHWuSz7OEo0rnumbz9a47OxVPCaAnGY9vZG8qDTiTmk9bq0A==}

  prettier@2.8.8:
    resolution: {integrity: sha512-tdN8qQGvNjw4CHbY+XXk0JgCXn9QiF21a55rBe5LJAU+kDyC4WQn4+awm2Xfk2lQMk5fKup9XgzTZtGkjBdP9Q==}
    engines: {node: '>=10.13.0'}
    hasBin: true

  prettier@3.6.2:
    resolution: {integrity: sha512-I7AIg5boAr5R0FFtJ6rCfD+LFsWHp81dolrFD8S79U9tb8Az2nGrJncnMSnys+bpQJfRUzqs9hnA81OAA3hCuQ==}
    engines: {node: '>=14'}
    hasBin: true

  zod@4.1.8:
    resolution: {integrity: sha512-5R1P+WwQqmmMIEACyzSvo4JXHY5WiAFHRMg+zBZKgKS+Q1viRa0C1hmUKtHltoIFKtIdki3pRxkmpP74jnNYHQ==}

snapshots:

  prettier-plugin-vue@1.1.6:
    dependencies:
      prettier: 2.8.8

  prettier@2.8.8: {}

  prettier@3.6.2: {}

  zod@4.1.8: {}
